
Microsoft Visual Studio Solution File, Format Version 12.00
# Visual Studio 15
VisualStudioVersion = 15.0.27703.2035
MinimumVisualStudioVersion = 10.0.40219.1
Project("{FAE04EC0-301F-11D3-BF4B-00C04F79EFBC}") = "TrackerLibrary", "TrackerLibrary\TrackerLibrary.csproj", "{A23376BB-C9EF-4C16-AF0C-B53381BA90D8}"
EndProject
Global
	GlobalSection(SolutionConfigurationPlatforms) = preSolution
		Debug|Any CPU = Debug|Any CPU
		Release|Any CPU = Release|Any CPU
	EndGlobalSection
	GlobalSection(ProjectConfigurationPlatforms) = postSolution
		{A23376BB-C9EF-4C16-AF0C-B53381BA90D8}.Debug|Any CPU.ActiveCfg = Debug|Any CPU
		{A23376BB-C9EF-4C16-AF0C-B53381BA90D8}.Debug|Any CPU.Build.0 = Debug|Any CPU
		{A23376BB-C9EF-4C16-AF0C-B53381BA90D8}.Release|Any CPU.ActiveCfg = Release|Any CPU
		{A23376BB-C9EF-4C16-AF0C-B53381BA90D8}.Release|Any CPU.Build.0 = Release|Any CPU
	EndGlobalSection
	GlobalSection(SolutionProperties) = preSolution
		HideSolutionNode = FALSE
	EndGlobalSection
	GlobalSection(ExtensibilityGlobals) = postSolution
		SolutionGuid = {0BEF57F6-CB2E-48AC-94D9-519FF7F1F648}
	EndGlobalSection
EndGlobal
